lockVersion: 2.0.0
id: 897b2045-55e2-49ca-a37b-2daf10d4e6ea
management:
  docChecksum: ff02bf1e8c144fe95e7799aea0b1be3c
  docVersion: "1.0"
  speakeasyVersion: 1.761.9
  generationVersion: 2.881.4
  releaseVersion: 0.3.1
  configChecksum: 0ffe3a6fad91754af4cab7bb8a6be1e6
  repoURL: https://github.com/criblio/cribl_cloud_management_sdk_python.git
  installationURL: https://github.com/criblio/cribl_cloud_management_sdk_python.git
  published: true
persistentEdits:
  generation_id: 861964fc-6c49-439c-8bc5-2e25bc9ab6c7
  pristine_commit_hash: f33925ba856139d650650c3aa9034bd7341d2d86
  pristine_tree_hash: 9dc6307eb8659c35a2b556911442236262efc8bb
features:
  python:
    additionalDependencies: 1.0.0
    core: 6.0.21
    defaultEnabledRetries: 0.2.0
    devContainers: 3.0.0
    enumUnions: 0.1.1
    envVarSecurityUsage: 0.3.2
    flatRequests: 1.0.1
    flattening: 3.1.1
    globalSecurity: 3.0.7
    globalSecurityCallbacks: 1.0.0
    globalServerURLs: 3.2.1
    groups: 3.0.1
    methodArguments: 1.0.2
    nameOverrides: 3.0.3
    oauth2ClientCredentials: 2.1.5
    openEnums: 1.0.4
    responseFormat: 1.1.0
    retries: 3.0.5
    sdkHooks: 1.2.1
trackedFiles:
  .devcontainer/README.md:
    id: b170c0f184ac
    last_write_checksum: sha1:29f9bf727ca9edc0062c62e54a0ab847e5ea4ad5
    pristine_git_object: 7cabdc8559c8db888eff9b6f9860d93bda45a059
  .devcontainer/devcontainer.json:
    id: b34062a34eb1
    last_write_checksum: sha1:fbbce5654b8990b172a9ffe841d7635cd51c495b
    pristine_git_object: 7e67af9f5b5aeed56bab8dd84f75d3729df3ada1
  .devcontainer/setup.sh:
    id: 5f1dfbfeb8eb
    last_write_checksum: sha1:36daffa8440cbf552f087c7953d70ef40e2c9d2e
    pristine_git_object: 51086ac83a6f29a9b302575b2bc46b6660061e3d
  .gitattributes:
    id: 24139dae6567
    last_write_checksum: sha1:53134de3ada576f37c22276901e1b5b6d85cd2da
    pristine_git_object: 4d75d59008e4d8609876d263419a9dc56c8d6f3a
  .vscode/settings.json:
    id: 89aa447020cd
    last_write_checksum: sha1:f84632c81029fcdda8c3b0c768d02b836fc80526
    pristine_git_object: 8d79f0abb72526f1fb34a4c03e5bba612c6ba2ae
  USAGE.md:
    id: 3aed33ce6e6f
    last_write_checksum: sha1:c2f3a87ae128013e859f545d7c37037be206f69c
    pristine_git_object: f73fed97ef2f3cfae24054f235e9aaa358644d23
  docs/errors/defaulterrordto.md:
    id: 59146d4be6ae
    last_write_checksum: sha1:ce2e44ca6cc383ccf6547b2ee5e1785ef0615641
    pristine_git_object: 98806b4888189aa75d8d54e7f780051e31de45dd
  docs/models/apicredentialcreaterequestdto.md:
    id: 319c51eee342
    last_write_checksum: sha1:7408d95d887534997a4a94b96a58116f9f9f7c42
    pristine_git_object: 33629067a90a8781abeda3482ce79acbdb5472d4
  docs/models/apicredentialcreateresponseschema.md:
    id: 014a24f3b459
    last_write_checksum: sha1:a155de44ea06db1e772c575a8cbb04db1c4c7014
    pristine_git_object: 2bfbe9443531b8d91cb6f290bb5a5b5200f6f72d
  docs/models/apicredentialresponseschema.md:
    id: 720d766d5582
    last_write_checksum: sha1:4741405f6d4b67effa3f9a4ffd50eb06060a6f3b
    pristine_git_object: 47260f68f6d1e5205043be6ef73c9518538e77b8
  docs/models/apicredentialrolesschema.md:
    id: bf13c1048286
    last_write_checksum: sha1:4f3b355aed69274c0bea91ce52799b719cf43e82
    pristine_git_object: 199a2d5b913abf4d18f1abdd14ba67ccafd1169c
  docs/models/apicredentialslistresponsedto.md:
    id: 703a25f19467
    last_write_checksum: sha1:f29a8a007e1bc2383411dfc60109b50afc9d537d
    pristine_git_object: aa2ab2b4f0a2906f371fe2b4261e786a55b59f29
  docs/models/apicredentialupdaterequestdto.md:
    id: 735a837faa57
    last_write_checksum: sha1:bbe8a4e230f93c49ee1583811f1205f1ae0bc248
    pristine_git_object: 570071c3d5e1ff3e0a4db80df942a368133bc533
  docs/models/defaulterrordto.md:
    id: 2faad791832c
    last_write_checksum: sha1:ce2e44ca6cc383ccf6547b2ee5e1785ef0615641
    pristine_git_object: 98806b4888189aa75d8d54e7f780051e31de45dd
  docs/models/gethealthstatusresponse.md:
    id: 6a1707468a2a
    last_write_checksum: sha1:fa9ad1b9b1e13eb2b8c80efe897060601a66f411
    pristine_git_object: 6e3e7e914463200fb89175468d4b02211f7eccba
  docs/models/gethealthstatusresponsebody.md:
    id: d66a7b726899
    last_write_checksum: sha1:181254bb21c2784e5a63bc896daf86dbbdb09704
    pristine_git_object: bb53dacfaa5bfb273e9af05a882ac1b1bea07a2b
  docs/models/organizationrole.md:
    id: 5a70793f04e6
    last_write_checksum: sha1:d0ba714fb01e59405f86e831e62cc7cd068426f4
    pristine_git_object: a4886fefe1c5169da6561abde34b4849eb323ca4
  docs/models/product.md:
    id: c91436bbe13a
    last_write_checksum: sha1:6e30dbc5e1039740113430bfe3e9d35f7bce10bf
    pristine_git_object: 55e3863ae7faeccffc5a45c62df55304b28fe97c
  docs/models/productroleschema.md:
    id: 38abbf7af6b1
    last_write_checksum: sha1:2db58f983775333af362f740d602d6bd30c64d1e
    pristine_git_object: d252db61235ecf408d17c1844284e8128cb25af7
  docs/models/region.md:
    id: 79be579f21a7
    last_write_checksum: sha1:b65726237da0f3637dfd06844bb61cbf0da586f9
    pristine_git_object: bcd98bc51b02e3269b3a7ce9551825a76b99d5ec
  docs/models/role.md:
    id: b694540a5b1e
    last_write_checksum: sha1:df2a3348df1068a851cc12d9827ef696fb756b09
    pristine_git_object: 41313bf79892ea29ab8f7d462cc11a11e9079b1d
  docs/models/schemeclientoauth.md:
    id: 961e796e86c2
    last_write_checksum: sha1:71dc23b205bb9420859d196615fca4303dc598b5
    pristine_git_object: 5dc934e60ea916afbe3e2d626347dfe3eac5b847
  docs/models/security.md:
    id: 452e4d4eb67a
    last_write_checksum: sha1:603537241601c418a48d449d9cac9bd0831ca747
    pristine_git_object: a0e18e179787dbd869d4c23a1f0646d614d599b2
  docs/models/state.md:
    id: e560b4e72643
    last_write_checksum: sha1:230966cf92c3c094f644ee3670a596673c52eff5
    pristine_git_object: 776c04e9d940a2630ce7ac616f7e321a35544255
  docs/models/utils/retryconfig.md:
    id: 4343ac43161c
    last_write_checksum: sha1:562c0f21e308ad10c27f85f75704c15592c6929d
    pristine_git_object: 69dd549ec7f5f885101d08dd502e25748183aebf
  docs/models/v1apicredentialscreateapicredentialrequest.md:
    id: ef6353dcf18d
    last_write_checksum: sha1:cea2de8ff377e152449671776dd20c7d14ef7ce5
    pristine_git_object: 1a86f1949e0f50ee8e10d07f384b378bd6f71ba8
  docs/models/v1apicredentialscreateapicredentialresponse.md:
    id: 1a3b34239b69
    last_write_checksum: sha1:23dece60b15e223dd7b286ef2710bffa83c820ad
    pristine_git_object: cfbe6c0cd0e4ea35cd13e209d90746477d7016b7
  docs/models/v1apicredentialsdeleteapicredentialrequest.md:
    id: 99f81d5fe2e1
    last_write_checksum: sha1:3cc3ae6e771e17430be0c6312c71ed72fa41d35a
    pristine_git_object: 9a1c22bfa5949d552daf88aac2d73d685af8f32b
  docs/models/v1apicredentialsgetapicredentialrequest.md:
    id: f756628991ec
    last_write_checksum: sha1:2aead38c227d9cd82af110c5694b39e4d2b872d1
    pristine_git_object: 3a092c48ac18d58bcbf9af45c4fc44e9d1c771a8
  docs/models/v1apicredentialsgetapicredentialresponse.md:
    id: 4ab4250ac7dd
    last_write_checksum: sha1:f345396e88375825d29eae9a79309bec105b429f
    pristine_git_object: f401cddffd4144dddd5020c0ffd9f34b9833e869
  docs/models/v1apicredentialslistapicredentialsrequest.md:
    id: 6bc4e3971b69
    last_write_checksum: sha1:422899b33f4158ae4e83559405a39781fde349b7
    pristine_git_object: 72564c2abe7204436d4ee868e82be8a0e1ae0cca
  docs/models/v1apicredentialslistapicredentialsresponse.md:
    id: 496a3f642849
    last_write_checksum: sha1:ece93b7a6948b97cce92bd9d4269036975a1239c
    pristine_git_object: 03425f9ab4eecd4e35aad6020b485aa1784b75f7
  docs/models/v1apicredentialsupdateapicredentialrequest.md:
    id: 6e5e37f76889
    last_write_checksum: sha1:e1f3d3f83550ba2b8e177d6f2dd397101fe1468e
    pristine_git_object: 72359e3eed63ef4c0fefec848a4a3cd89f3dd55a
  docs/models/v1workspacescreateworkspacerequest.md:
    id: 1b3fa6b50705
    last_write_checksum: sha1:17a18b3349612304a0d5470b405db87c1bf87c16
    pristine_git_object: bd9bd20618798b56404e05ea738cc113a0319377
  docs/models/v1workspacescreateworkspaceresponse.md:
    id: f1c0b569a0e7
    last_write_checksum: sha1:07c0148208a889620fbc7370bb1cc5f6c2000d3a
    pristine_git_object: 5adb885ba8f290e58a22c297d02f990ff8cfa8de
  docs/models/v1workspacesdeleteworkspacerequest.md:
    id: 90573ba31852
    last_write_checksum: sha1:b9d0f887f1eea0ad5f71940550d5f2739b3f43d8
    pristine_git_object: c8c9feea5294781fa54c3275378b8a80b4fd69ee
  docs/models/v1workspacesgetworkspacerequest.md:
    id: 7320362ece28
    last_write_checksum: sha1:51523ba2e9a9a49fb4561a3a7d06d31d1a2a02d1
    pristine_git_object: ae5ddbc9e7a020628ab88d4fafd85c886e757401
  docs/models/v1workspacesgetworkspaceresponse.md:
    id: abb91de03b3b
    last_write_checksum: sha1:2aec366641b04429ae212502a2f4d52794a6ab3b
    pristine_git_object: c46433ead75ebb23e0c6ce987915b640288d32f6
  docs/models/v1workspaceslistworkspacesrequest.md:
    id: 85541e6c529f
    last_write_checksum: sha1:869763d5ed07626a5fa8a5c0fa64ad36ba23a657
    pristine_git_object: 6bfc31cf23eb1813dbd3762c6b593a3c533371ba
  docs/models/v1workspaceslistworkspacesresponse.md:
    id: 2ee2fc81c852
    last_write_checksum: sha1:43ecad750548d57ff780fd0c8dfd1db0a77180ef
    pristine_git_object: 717a456c624699e0cc3a7fa3196fd940c482b143
  docs/models/v1workspacesupdateworkspacerequest.md:
    id: 17d6958b37f2
    last_write_checksum: sha1:9c99cf33f5bc0591c6d25762c4c164d2e39ab38c
    pristine_git_object: a84ea62a4c4ce3e4b812c3a68463a28dde17934f
  docs/models/workspacecreaterequestdto.md:
    id: c6d2d66f4333
    last_write_checksum: sha1:f49f85fa21a8932b7dbcbe895716ef6f36aac10d
    pristine_git_object: fc71f3f5b2ce26d62ab71cf12507e0a26393b02e
  docs/models/workspacepatchrequestdto.md:
    id: c23d2f32d55f
    last_write_checksum: sha1:8f268aca78751d3ac9c738eeafe8c27bf39df124
    pristine_git_object: 0e40801dccb49ff77f3c763063f03f879c498b9c
  docs/models/workspacerole.md:
    id: 1806a4161649
    last_write_checksum: sha1:e8bacf462ac3659eb622b4f555910248de6d7a8c
    pristine_git_object: 4c08354dd8b8aa4c7222b61400fbaec5d60584e6
  docs/models/workspaceroleschema.md:
    id: 23ee1c36e6b5
    last_write_checksum: sha1:965f3c2ab2466374d054f1e5a24f280255777eed
    pristine_git_object: ac26c4986a5fc360cdf26ac4a4b451cba00583e2
  docs/models/workspaceschema.md:
    id: 38e9dfa53552
    last_write_checksum: sha1:d0838c68f55359b4e1be43c6e587d8169a10d4f7
    pristine_git_object: f3108cbaaa40890005a75a9b4ae03939eb165409
  docs/models/workspaceslistresponsedto.md:
    id: a149445e390c
    last_write_checksum: sha1:03e29aece3765237ca0dba16565bd897059c16f6
    pristine_git_object: 78fe7ba64906b1e70602ba1d1c8cf1306cd00891
  docs/sdks/apicredentials/README.md:
    id: 93fa0592990c
    last_write_checksum: sha1:cf711100d968364bdb4f351b6476179b3e139b1b
    pristine_git_object: e3062d8822ef2c6a2103d9d7162eab6371b77104
  docs/sdks/health/README.md:
    id: 5082c50d5e82
    last_write_checksum: sha1:b56f83a1ea293ad9b5fd76797122e09dccdbc1f9
    pristine_git_object: 8bc80815563c358cd707d3a483cdb1bcf7f35ada
  docs/sdks/workspaces/README.md:
    id: 1f5b051a6380
    last_write_checksum: sha1:92bce1f765f2b179cfd9ee30551ff836682113dd
    pristine_git_object: fc01dc780423f85e47db5e9bba45f989cd2ff9f5
  poetry.toml:
    id: a81ade82122a
    last_write_checksum: sha1:2242305e29dc6921bdf5b200aea5d4bf67830230
    pristine_git_object: cd3492ac9dc870fdcf23dbd94fd1d40cc753cc8e
  py.typed:
    id: 258c3ed47ae4
    last_write_checksum: sha1:8efc425ffe830805ffcc0f3055871bdcdc542c60
    pristine_git_object: 3e38f1a929f7d6b1d6de74604aa87e3d8f010544
  pylintrc:
    id: 7ce8b9f946e6
    last_write_checksum: sha1:fc254fc871c3accee75f03e3f71307f7a894235b
    pristine_git_object: fde5e0418e98324b2b3b2a8e02559e575b2f6cfa
  pyproject.toml:
    id: 5d07e7d72637
    last_write_checksum: sha1:599078c7d085e65429e5684022f52a776e59a681
    pristine_git_object: af28195bd6f2f6132a0741eb9abb7c2dfd8a0f0d
  scripts/prepare_readme.py:
    id: e0c5957a6035
    last_write_checksum: sha1:24bfcb3bc609310d0b86cb75ca844b42d4c9c248
    pristine_git_object: 9ee34715870c2bec6261008306d14382d7dae98d
  scripts/publish.sh:
    id: fe273b08f514
    last_write_checksum: sha1:b31bafc19c15ab5ea925fdf8d5d4adce2b115a63
    pristine_git_object: 2a3ead70ccc6228cbae1c5c8a319b1399f3804ea
  src/cribl_mgmt_plane/__init__.py:
    id: c54c001d58bd
    last_write_checksum: sha1:da077c0bdfcef64a4a5aea91a17292f72fa2b088
    pristine_git_object: 833c68cd526fe34aab2b7e7c45f974f7f4b9e120
  src/cribl_mgmt_plane/_hooks/__init__.py:
    id: 652bd308ab54
    last_write_checksum: sha1:e3111289afd28ad557c21d9e2f918caabfb7037d
    pristine_git_object: 2ee66cdd592fe41731c24ddd407c8ca31c50aec1
  src/cribl_mgmt_plane/_hooks/clientcredentials.py:
    id: 1753d967b292
    last_write_checksum: sha1:120e72fea3e5b2b5c7773a8b8731a006186e8513
    pristine_git_object: f35fc14391b486504158bf70862c1f74627828eb
  src/cribl_mgmt_plane/_hooks/sdkhooks.py:
    id: 810dd416dc93
    last_write_checksum: sha1:d486163d136cf08281af1286b147861baeab6ae3
    pristine_git_object: e35b73de5ce565d73c9a772d34038af829534d38
  src/cribl_mgmt_plane/_hooks/types.py:
    id: 3b009a1ca58d
    last_write_checksum: sha1:54c238843f41d77fb7daec25262c284e44ce5947
    pristine_git_object: 8660a4d81ec54cbc43bcb4ed058985af8dcc715b
  src/cribl_mgmt_plane/_version.py:
    id: 8ec199fcd31a
    last_write_checksum: sha1:92cf720c84e586fbaeebbc38cb72ebbd072fa0a2
    pristine_git_object: 54f4bc2a4a0afba23172a74719c8efe99fe997ae
  src/cribl_mgmt_plane/apicredentials.py:
    id: d344dfa0de1f
    last_write_checksum: sha1:c0a16485bb38d472aa6972c79a3d6a88efd10861
    pristine_git_object: c97b1b181de890ca0fe9b9cf557ba984ed95ffc7
  src/cribl_mgmt_plane/basesdk.py:
    id: 024a102b240a
    last_write_checksum: sha1:81612e29f97ca18085e9c029df956289aabbad29
    pristine_git_object: a062bb974e91d9389cbedfdbd53df1f7e1f5a6d0
  src/cribl_mgmt_plane/errors/__init__.py:
    id: 53763ce236b6
    last_write_checksum: sha1:959bb14a8cad993c700d93bec2ee8ce68833270c
    pristine_git_object: e585a036dc17d5e754405b1802a41e82ad999e6b
  src/cribl_mgmt_plane/errors/apierror.py:
    id: 3b56be319b25
    last_write_checksum: sha1:ac533257cca52c24c6de478c233097dabfb13e03
    pristine_git_object: 13fdd1f17750954d7e8de2376fec00216cf09a57
  src/cribl_mgmt_plane/errors/criblmgmtplaneerror.py:
    id: 6ea36f67e7ff
    last_write_checksum: sha1:7ba467ba24c8d4f822ed191d05d6cd91ea9a2080
    pristine_git_object: 29d086359a1edde35ec9ed186df1c93ef47289ce
  src/cribl_mgmt_plane/errors/defaulterrordto.py:
    id: b13f8288bb8a
    last_write_checksum: sha1:837ea12932d26ed177fdb77d4d80ae86fc77a3b3
    pristine_git_object: 50061b19b8a4abd73f5417545aa168e1764de14e
  src/cribl_mgmt_plane/errors/no_response_error.py:
    id: 52e22c8feca5
    last_write_checksum: sha1:7f326424a7d5ae1bcd5c89a0d6b3dbda9138942f
    pristine_git_object: 1deab64bc43e1e65bf3c412d326a4032ce342366
  src/cribl_mgmt_plane/errors/responsevalidationerror.py:
    id: 9b82814c3808
    last_write_checksum: sha1:3dc59494bfdb04e31656725edf9a09486cfb4ea9
    pristine_git_object: a67105e0edc3fc0e672262a1e7ac94557259a656
  src/cribl_mgmt_plane/health.py:
    id: 5e82c1604c10
    last_write_checksum: sha1:a25dcbff3576165bc0b4400be1ef4df4e1b93d60
    pristine_git_object: c71cd2cb680248e26f86eb89a05e03d7eb91b798
  src/cribl_mgmt_plane/httpclient.py:
    id: 910dc032ac94
    last_write_checksum: sha1:5e55338d6ee9f01ab648cad4380201a8a3da7dd7
    pristine_git_object: 89560b566073785535643e694c112bedbd3db13d
  src/cribl_mgmt_plane/models/__init__.py:
    id: c0ef0c636a04
    last_write_checksum: sha1:c256692565e1085b4adaafccbc4f25089bd0eaab
    pristine_git_object: e1224e65597bc576685eef30f7f105ccba9c4b6a
  src/cribl_mgmt_plane/models/apicredentialcreaterequestdto.py:
    id: 36936da257f5
    last_write_checksum: sha1:077ebc07be73a76f95001c2386236118cdffc69e
    pristine_git_object: 190c0feede6f62e55af6aff0f85e56e4689fc2d8
  src/cribl_mgmt_plane/models/apicredentialcreateresponseschema.py:
    id: 79576624b1da
    last_write_checksum: sha1:9ca418632a963a8ab3cc65d12732a6b11439b69d
    pristine_git_object: 88297de806ace5490671e3ea51d10f39b2d7cb7a
  src/cribl_mgmt_plane/models/apicredentialresponseschema.py:
    id: fa76122a2224
    last_write_checksum: sha1:544ba2c17ec58a91ce030bc2a5d6ca95ab5e4fc9
    pristine_git_object: 1c5d125ffebede23469ac3d21e387885ab2a89b8
  src/cribl_mgmt_plane/models/apicredentialrolesschema.py:
    id: 560baf16d23f
    last_write_checksum: sha1:cdc09aab1c539f2ac6930a94d68d56794a3d42e2
    pristine_git_object: 45e9ae9f8665e1cae85e758a8f37b220f4380314
  src/cribl_mgmt_plane/models/apicredentialslistresponsedto.py:
    id: 1d3da16b70f2
    last_write_checksum: sha1:b8fb4735a43e8ee7369f13fdf3c5adb51faf81d7
    pristine_git_object: 147d4e74cb0a929b26bdc53a3356d78abade7b74
  src/cribl_mgmt_plane/models/apicredentialupdaterequestdto.py:
    id: e3cf6456c637
    last_write_checksum: sha1:a8bfeb030ce11b845dd81092336dbcca69f27c87
    pristine_git_object: 26d5b6a645ca442bf8b2358235353ea7fe3a6c27
  src/cribl_mgmt_plane/models/defaulterrordto.py:
    id: 76f1b582a83f
    last_write_checksum: sha1:8c7790b7fb0204368cca2403cfbe364c32ee959f
    pristine_git_object: e5b12050486c408bcb7362973296b26badfa6b11
  src/cribl_mgmt_plane/models/gethealthstatusop.py:
    id: 1b4ada1c1b56
    last_write_checksum: sha1:9aea50e04c4c5df13405a2f98759665233f0a463
    pristine_git_object: 535a5ee57d35197513688f8e9ef04074b4bf2a09
  src/cribl_mgmt_plane/models/productroleschema.py:
    id: 248b5fc5d37e
    last_write_checksum: sha1:0f31f589c6a96f55c2e2fd39340b7f34677ce551
    pristine_git_object: e1b2262bf15625accae3ad852fc18eebc415327c
  src/cribl_mgmt_plane/models/schemeclientoauth.py:
    id: f12e60add63a
    last_write_checksum: sha1:efd1cb34c025d16dde8f018f43e65cce0c9a2eea
    pristine_git_object: 9a2bfafcfb2e45d9f21cea4c92c66d6b86d93dab
  src/cribl_mgmt_plane/models/security.py:
    id: f963194ca6f9
    last_write_checksum: sha1:a22a9d6b39581572968cf15006cd81824147f331
    pristine_git_object: 29484b242bf472ca42994632881ddaeb24ca326f
  src/cribl_mgmt_plane/models/v1_apicredentials_createapicredentialop.py:
    id: 5ec147b920ea
    last_write_checksum: sha1:4ff57567c7d158f008d5a99b18c7f4da5f0d47cf
    pristine_git_object: bd291274a3dd7d4f6707e90bc6668fdc79d4b899
  src/cribl_mgmt_plane/models/v1_apicredentials_deleteapicredentialop.py:
    id: e39219002695
    last_write_checksum: sha1:e16bd30a8b676a635fe9f2f47b25ef98a4ee5cce
    pristine_git_object: ab64e5cb87867cd9bd7afb4a795deb6ba108501a
  src/cribl_mgmt_plane/models/v1_apicredentials_getapicredentialop.py:
    id: 1586cb36740b
    last_write_checksum: sha1:68d849aa2f3728a406b4c07679c13e27a5f3daab
    pristine_git_object: ad70fde93f9d1c128a96473a93a772acfa4be0c7
  src/cribl_mgmt_plane/models/v1_apicredentials_listapicredentialsop.py:
    id: faae0d8e56d2
    last_write_checksum: sha1:c08a3e2b02031afed84c2d08ed9e306e271e21ba
    pristine_git_object: e9d303773552032477a5b0872d7402ea926d1af8
  src/cribl_mgmt_plane/models/v1_apicredentials_updateapicredentialop.py:
    id: ad17f55e1646
    last_write_checksum: sha1:71bc290df7dc2857aee51d99c0dede0a7fa26cd8
    pristine_git_object: b45c8e0974ebcd45604f1ff14700ad4ab95f52de
  src/cribl_mgmt_plane/models/v1_workspaces_createworkspaceop.py:
    id: 09e69d4b9704
    last_write_checksum: sha1:89c6c500183884e777acf1154dc6210c90fb7e67
    pristine_git_object: ea252266d4b0c7111857555e784ace39b64c45ab
  src/cribl_mgmt_plane/models/v1_workspaces_deleteworkspaceop.py:
    id: 832300372bd8
    last_write_checksum: sha1:f5b5116bf59de3f2acb45c255c06c91f96844bd0
    pristine_git_object: 9f7b7b16bb39a253e072aa96f0c56d77a513ba7d
  src/cribl_mgmt_plane/models/v1_workspaces_getworkspaceop.py:
    id: 5cff5c501a6a
    last_write_checksum: sha1:38a8450c84e4fe423c86aaf1b73f71a451e9e4ab
    pristine_git_object: 1fef4a24ed48dc238e301e3cab4e1e82c31265e8
  src/cribl_mgmt_plane/models/v1_workspaces_listworkspacesop.py:
    id: 9864ce7bba72
    last_write_checksum: sha1:5402eb122479e044d597ec166402bdefe6ccf860
    pristine_git_object: fafef82701ec62990619d119901a010f51ebab85
  src/cribl_mgmt_plane/models/v1_workspaces_updateworkspaceop.py:
    id: 0d6a34ff9ec9
    last_write_checksum: sha1:d4e4943015082a74ded585e6aa1e13b2d8c1c546
    pristine_git_object: 3999136214d3e7f976bc369b2948d7888591da7c
  src/cribl_mgmt_plane/models/workspacecreaterequestdto.py:
    id: 9f6a349917a5
    last_write_checksum: sha1:387f49ba149b37380060dfb5d17d84cb884316dc
    pristine_git_object: d2572e1a2ad7b5cbb8f981d666ca0d25b138fd3e
  src/cribl_mgmt_plane/models/workspacepatchrequestdto.py:
    id: 06cd1ff23445
    last_write_checksum: sha1:7a86d3cbcc7466530329e08a8307fde9a8e14359
    pristine_git_object: afbbaa6a7031ddf39a85202cf96bd0ecd910c979
  src/cribl_mgmt_plane/models/workspaceroleschema.py:
    id: a1bc7922249e
    last_write_checksum: sha1:1ee2559fb1b9cbc5d02cedcb6d340736bda7d212
    pristine_git_object: b579a0c11b5dcbe1e536dbfc5015baf281e99e10
  src/cribl_mgmt_plane/models/workspaceschema.py:
    id: 197bdc6fad7a
    last_write_checksum: sha1:8e5014c1a29e69be9afbded391f49f9f962b3021
    pristine_git_object: 458182454b67e4b48d7cd555d2b874718d3d9cde
  src/cribl_mgmt_plane/models/workspaceslistresponsedto.py:
    id: fd82ae9398f8
    last_write_checksum: sha1:8e6a439f82de335ae751bcc307b10f45f4ffd1e4
    pristine_git_object: a32e97c78ecd3429d63dc25957543d3e6b25badc
  src/cribl_mgmt_plane/py.typed:
    id: f47a27fde01f
    last_write_checksum: sha1:8efc425ffe830805ffcc0f3055871bdcdc542c60
    pristine_git_object: 3e38f1a929f7d6b1d6de74604aa87e3d8f010544
  src/cribl_mgmt_plane/sdk.py:
    id: 61b8e256ad47
    last_write_checksum: sha1:8c70dfc78ad514e5fc41a24e6086525669116748
    pristine_git_object: 4482439bd30d3432a905dd2b9670b5f8db5566f6
  src/cribl_mgmt_plane/sdkconfiguration.py:
    id: 31a3f1e28307
    last_write_checksum: sha1:008d083f213b1f7dacd0c7970dfd224e0c13c39c
    pristine_git_object: 65c499c66e905195a345a02c21a0050685df6926
  src/cribl_mgmt_plane/types/__init__.py:
    id: ac748e42a9e7
    last_write_checksum: sha1:140ebdd01a46f92ffc710c52c958c4eba3cf68ed
    pristine_git_object: fc76fe0c5505e29859b5d2bb707d48fd27661b8c
  src/cribl_mgmt_plane/types/basemodel.py:
    id: 61728c103c49
    last_write_checksum: sha1:10d84aedeb9d35edfdadf2c3020caa1d24d8b584
    pristine_git_object: a9a640a1a7048736383f96c67c6290c86bf536ee
  src/cribl_mgmt_plane/utils/__init__.py:
    id: da0b5586a571
    last_write_checksum: sha1:0f93d821f9cb3e061ea125d881bb6f61166738dd
    pristine_git_object: aded7597c2bbc4e3fa7f555755d894671ac57741
  src/cribl_mgmt_plane/utils/annotations.py:
    id: 669b8458fd26
    last_write_checksum: sha1:a4824ad65f730303e4e1e3ec1febf87b4eb46dbc
    pristine_git_object: 12e0aa4f1151bb52474cc02e88397329b90703f6
  src/cribl_mgmt_plane/utils/datetimes.py:
    id: 04d9777c7f10
    last_write_checksum: sha1:c721e4123000e7dc61ec52b28a739439d9e17341
    pristine_git_object: a6c52cd61bbe2d459046c940ce5e8c469f2f0664
  src/cribl_mgmt_plane/utils/dynamic_imports.py:
    id: 8de66b8e0b94
    last_write_checksum: sha1:a1940c63feb8eddfd8026de53384baf5056d5dcc
    pristine_git_object: 673edf82a97d0fea7295625d3e092ea369a36b79
  src/cribl_mgmt_plane/utils/enums.py:
    id: 72418257b1b0
    last_write_checksum: sha1:bc8c3c1285ae09ba8a094ee5c3d9c7f41fa1284d
    pristine_git_object: 3324e1bc2668c54c4d5f5a1a845675319757a828
  src/cribl_mgmt_plane/utils/eventstreaming.py:
    id: 30f167e350de
    last_write_checksum: sha1:620d78a8b4e3b854e08d136e02e40a01a786bd70
    pristine_git_object: 3bdcd6d3d4fc772cb7f5fca8685dcdc8c85e13e8
  src/cribl_mgmt_plane/utils/forms.py:
    id: 89247def37c3
    last_write_checksum: sha1:15fa7e9ab1611e062a9984cf06cb20969713d295
    pristine_git_object: f961e76beaf0a8b1fe0dda44754a74eebd3608e7
  src/cribl_mgmt_plane/utils/headers.py:
    id: 97c0f4ea3c60
    last_write_checksum: sha1:7c6df233ee006332b566a8afa9ce9a245941d935
    pristine_git_object: 37864cbbbc40d1a47112bbfdd3ba79568fc8818a
  src/cribl_mgmt_plane/utils/logger.py:
    id: 7138ed95f09e
    last_write_checksum: sha1:b6fe915ccda8249d8fb888bad6cc85f9c780a9ac
    pristine_git_object: 8208db9b37d8954f8c7e0ed0302b2eb590adaaff
  src/cribl_mgmt_plane/utils/metadata.py:
    id: 2c9e26716bc6
    last_write_checksum: sha1:e703e5cbb5255144aacf86898d1420529afaaff8
    pristine_git_object: 5abddd588837ac297050ca3b543627faadb350a9
  src/cribl_mgmt_plane/utils/queryparams.py:
    id: adec088670fa
    last_write_checksum: sha1:b94c3f314fd3da0d1d215afc2731f48748e2aa59
    pristine_git_object: c04e0db82b68eca041f2cb2614d748fbac80fd41
  src/cribl_mgmt_plane/utils/requestbodies.py:
    id: 91737dcb4d38
    last_write_checksum: sha1:41e2d2d2d3ecc394c8122ca4d4b85e1c3e03f054
    pristine_git_object: 1de32b6d26f46590232f398fdba6ce0072f1659c
  src/cribl_mgmt_plane/utils/retries.py:
    id: e0e855f01c10
    last_write_checksum: sha1:471372f5c5d1dd5583239c9cf3c75f1b636e5d87
    pristine_git_object: af07d4e941007af4213c5ec9047ef8a2fca04e5e
  src/cribl_mgmt_plane/utils/security.py:
    id: 6e9559bdd145
    last_write_checksum: sha1:b978112e0dd964d585f424d151228d1d18995ba0
    pristine_git_object: 1aa12865633519ab01b57dd216726fadb56825e2
  src/cribl_mgmt_plane/utils/serializers.py:
    id: 8199ce0531cd
    last_write_checksum: sha1:61009f2e4ef6613a1a5af813fe020373dae5a492
    pristine_git_object: d2149f8b909cb96628db140ac3cddb1b1e981367
  src/cribl_mgmt_plane/utils/unmarshal_json_response.py:
    id: 3441b981eaea
    last_write_checksum: sha1:2e70698f9b2355b1a0ff412353333b746d94edd5
    pristine_git_object: b5f9408ba97b36f7c71caa414065aaab737091a2
  src/cribl_mgmt_plane/utils/url.py:
    id: a61fcac1614e
    last_write_checksum: sha1:6479961baa90432ca25626f8e40a7bbc32e73b41
    pristine_git_object: c78ccbae426ce6d385709d97ce0b1c2813ea2418
  src/cribl_mgmt_plane/utils/values.py:
    id: 5b5277a50d83
    last_write_checksum: sha1:acaa178a7c41ddd000f58cc691e4632d925b2553
    pristine_git_object: dae01a44384ac3bc13ae07453a053bf6c898ebe3
  src/cribl_mgmt_plane/workspaces.py:
    id: bd7d8da788fc
    last_write_checksum: sha1:08a5718813abae69789d2193be6aa4ba30e0435f
    pristine_git_object: 4d5efe187cffbab33b37271a6280886f03b8da1e
examples:
  dummyServiceStatus: {}
  getHealthStatus:
    speakeasy-default-get-health-status:
      responses:
        "200":
          application/json: {"status": "OK"}
        default:
          application/json: {"statusCode": 1397.13, "message": "<value>"}
  v1.workspaces.createWorkspace:
    speakeasy-default-v1-workspaces-create-workspace:
      parameters:
        path:
          organizationId: "<id>"
      requestBody:
        application/json: {"workspaceId": "main", "alias": "Production Environment", "description": "Main production workspace for customer data processing", "tags": ["production", "customer-data"]}
      responses:
        "201":
          application/json: {"workspaceId": "main", "region": "us-west-2", "leaderFQDN": "workspace-leader.example.com", "state": "Active", "alias": "Production Environment", "description": "Main production workspace for customer data processing", "tags": ["production", "customer-data"]}
        default:
          application/json: {"statusCode": 2135.91, "message": "<value>"}
  v1.workspaces.listWorkspaces:
    speakeasy-default-v1-workspaces-list-workspaces:
      parameters:
        path:
          organizationId: "<id>"
      responses:
        "200":
          application/json: {"items": [{"workspaceId": "main", "region": "us-west-2", "leaderFQDN": "workspace-leader.example.com", "state": "Inactive", "alias": "Production Environment", "description": "Main production workspace for customer data processing", "tags": ["production", "customer-data"]}], "count": 5}
        default:
          application/json: {"statusCode": 5622.58, "message": "<value>"}
  v1.workspaces.updateWorkspace:
    speakeasy-default-v1-workspaces-update-workspace:
      parameters:
        path:
          organizationId: "<id>"
          workspaceId: "<id>"
      requestBody:
        application/json: {"alias": "Production Environment", "description": "Main production workspace for customer data processing", "tags": ["production", "customer-data"]}
      responses:
        "200":
          application/json: {"workspaceId": "main", "region": "us-west-2", "lastUpdated": "2023-01-01T12:00:00Z", "leaderFQDN": "workspace-leader.example.com", "state": "Active", "alias": "Production Environment", "description": "Main production workspace for customer data processing", "tags": ["production", "customer-data"]}
        default:
          application/json: {"statusCode": 8141.25, "message": "<value>"}
  v1.workspaces.deleteWorkspace:
    speakeasy-default-v1-workspaces-delete-workspace:
      parameters:
        path:
          organizationId: "<id>"
          workspaceId: "<id>"
      responses:
        default:
          application/json: {"statusCode": 8158.92, "message": "<value>"}
  v1.workspaces.getWorkspace:
    speakeasy-default-v1-workspaces-get-workspace:
      parameters:
        path:
          organizationId: "<id>"
          workspaceId: "<id>"
      responses:
        "200":
          application/json: {"workspaceId": "main", "region": "us-west-2", "leaderFQDN": "workspace-leader.example.com", "state": "Active", "alias": "Production Environment", "description": "Main production workspace for customer data processing", "tags": ["production", "customer-data"]}
        default:
          application/json: {"statusCode": 8847.69, "message": "<value>"}
  v1.apiCredentials.listApiCredentials:
    speakeasy-default-v1-api-credentials-list-api-credentials:
      parameters:
        path:
          organizationId: "<id>"
      responses:
        "200":
          application/json: {"items": [], "count": 1}
        default:
          application/json: {"statusCode": 775.48, "message": "<value>"}
  v1.apiCredentials.createApiCredential:
    speakeasy-default-v1-api-credentials-create-api-credential:
      parameters:
        path:
          organizationId: "<id>"
      requestBody:
        application/json: {"name": "Auto-Manage-Workspaces", "description": "Used for automated Workspace management", "enabled": true, "roles": {"organizationRole": "admin", "workspaces": [{"workspaceId": "main", "workspaceRole": "admin", "products": [{"product": "stream", "role": "admin"}]}]}, "ipAllowlist": ["10.0.0.1/32"]}
      responses:
        "201":
          application/json: {"name": "Auto-Manage-Workspaces", "description": "Used for automated Workspace management", "enabled": true, "organizationId": "org-123", "clientId": "clientIdabcd1234EXAMPLE", "roles": {"organizationRole": "admin", "workspaces": [{"workspaceId": "main", "workspaceRole": "admin", "products": [{"product": "stream", "role": "admin"}]}]}, "ipAllowlist": ["10.0.0.1/32"], "createdBy": "user@example.com", "createdDate": "2024-08-15T12:34:56Z", "lastUpdatedBy": "user@example.com", "lastUpdatedDate": "2024-08-15T12:34:56Z", "clientSecret": "clientSecretabcd1234EXAMPLE"}
        default:
          application/json: {"statusCode": 9282.56, "message": "<value>"}
        "422":
          application/json: {"statusCode": 400, "message": "Bad Request"}
  v1.apiCredentials.updateApiCredential:
    speakeasy-default-v1-api-credentials-update-api-credential:
      parameters:
        path:
          organizationId: "<id>"
          apiCredentialId: "<id>"
      requestBody:
        application/json: {"name": "Auto-Manage-Workspaces", "description": "Used for automated Workspace management", "enabled": true, "roles": {"organizationRole": "admin", "workspaces": [{"workspaceId": "main", "workspaceRole": "admin", "products": [{"product": "stream", "role": "admin"}]}]}, "ipAllowlist": ["10.0.0.1/32"]}
      responses:
        default:
          application/json: {"statusCode": 5095.64, "message": "<value>"}
  v1.apiCredentials.deleteApiCredential:
    speakeasy-default-v1-api-credentials-delete-api-credential:
      parameters:
        path:
          organizationId: "<id>"
          apiCredentialId: "<id>"
      responses:
        default:
          application/json: {"statusCode": 9034.38, "message": "<value>"}
  v1.apiCredentials.getApiCredential:
    speakeasy-default-v1-api-credentials-get-api-credential:
      parameters:
        path:
          organizationId: "<id>"
          apiCredentialId: "<id>"
      responses:
        "200":
          application/json: {"name": "Auto-Manage-Workspaces", "description": "Used for automated Workspace management", "enabled": true, "organizationId": "org-123", "clientId": "clientIdabcd1234EXAMPLE", "roles": {"organizationRole": "admin", "workspaces": [{"workspaceId": "main", "workspaceRole": "admin", "products": [{"product": "stream", "role": "admin"}]}]}, "ipAllowlist": ["10.0.0.1/32"], "createdBy": "user@example.com", "createdDate": "2024-08-15T12:34:56Z", "lastUpdatedBy": "user@example.com", "lastUpdatedDate": "2024-08-15T12:34:56Z"}
        default:
          application/json: {"statusCode": 6805.09, "message": "<value>"}
examplesVersion: 1.0.2
generatedTests:
  dummyServiceStatus: "2025-07-02T19:49:08+02:00"
releaseNotes: |
  ## Python SDK Changes

  This version of the SDK is generated for Cribl.Cloud.

  ### API Credentials — IP allowlist

  Optional CIDR-based IP restrictions on API credentials: set on create and update; returned on list and get.

  * `cribl_mgmt_plane.api_credentials.list()` — `response.items[].ip_allowlist`
  * `cribl_mgmt_plane.api_credentials.create()` — `request.ip_allowlist`; `response.ip_allowlist`
  * `cribl_mgmt_plane.api_credentials.update()` — `request.ip_allowlist`
  * `cribl_mgmt_plane.api_credentials.get()` — `response.ip_allowlist`
generatedFiles:
  - .devcontainer/README.md
  - .devcontainer/devcontainer.json
  - .devcontainer/setup.sh
  - .gitattributes
  - .vscode/settings.json
  - USAGE.md
  - docs/models/defaulterrordto.md
  - docs/models/gethealthstatusresponse.md
  - docs/models/gethealthstatusresponsebody.md
  - docs/models/region.md
  - docs/models/schemeclientoauth.md
  - docs/models/security.md
  - docs/models/state.md
  - docs/models/utils/retryconfig.md
  - docs/models/v1workspacescreateworkspacerequest.md
  - docs/models/v1workspacescreateworkspaceresponse.md
  - docs/models/v1workspacesdeleteworkspacerequest.md
  - docs/models/v1workspacesgetworkspacerequest.md
  - docs/models/v1workspacesgetworkspaceresponse.md
  - docs/models/v1workspaceslistworkspacesrequest.md
  - docs/models/v1workspaceslistworkspacesresponse.md
  - docs/models/v1workspacesupdateworkspacerequest.md
  - docs/models/workspacecreaterequestdto.md
  - docs/models/workspacepatchrequestdto.md
  - docs/models/workspaceschema.md
  - docs/models/workspaceslistresponsedto.md
  - docs/sdks/health/README.md
  - docs/sdks/workspaces/README.md
  - poetry.toml
  - py.typed
  - pylintrc
  - pyproject.toml
  - scripts/prepare_readme.py
  - scripts/publish.sh
  - src/cribl_mgmt_plane/__init__.py
  - src/cribl_mgmt_plane/_hooks/__init__.py
  - src/cribl_mgmt_plane/_hooks/clientcredentials.py
  - src/cribl_mgmt_plane/_hooks/sdkhooks.py
  - src/cribl_mgmt_plane/_hooks/types.py
  - src/cribl_mgmt_plane/_version.py
  - src/cribl_mgmt_plane/basesdk.py
  - src/cribl_mgmt_plane/errors/__init__.py
  - src/cribl_mgmt_plane/errors/apierror.py
  - src/cribl_mgmt_plane/errors/criblmgmtplaneerror.py
  - src/cribl_mgmt_plane/errors/no_response_error.py
  - src/cribl_mgmt_plane/errors/responsevalidationerror.py
  - src/cribl_mgmt_plane/health.py
  - src/cribl_mgmt_plane/httpclient.py
  - src/cribl_mgmt_plane/models/__init__.py
  - src/cribl_mgmt_plane/models/defaulterrordto.py
  - src/cribl_mgmt_plane/models/gethealthstatusop.py
  - src/cribl_mgmt_plane/models/schemeclientoauth.py
  - src/cribl_mgmt_plane/models/security.py
  - src/cribl_mgmt_plane/models/v1_workspaces_createworkspaceop.py
  - src/cribl_mgmt_plane/models/v1_workspaces_deleteworkspaceop.py
  - src/cribl_mgmt_plane/models/v1_workspaces_getworkspaceop.py
  - src/cribl_mgmt_plane/models/v1_workspaces_listworkspacesop.py
  - src/cribl_mgmt_plane/models/v1_workspaces_updateworkspaceop.py
  - src/cribl_mgmt_plane/models/workspacecreaterequestdto.py
  - src/cribl_mgmt_plane/models/workspacepatchrequestdto.py
  - src/cribl_mgmt_plane/models/workspaceschema.py
  - src/cribl_mgmt_plane/models/workspaceslistresponsedto.py
  - src/cribl_mgmt_plane/py.typed
  - src/cribl_mgmt_plane/sdk.py
  - src/cribl_mgmt_plane/sdkconfiguration.py
  - src/cribl_mgmt_plane/types/__init__.py
  - src/cribl_mgmt_plane/types/basemodel.py
  - src/cribl_mgmt_plane/utils/__init__.py
  - src/cribl_mgmt_plane/utils/annotations.py
  - src/cribl_mgmt_plane/utils/datetimes.py
  - src/cribl_mgmt_plane/utils/enums.py
  - src/cribl_mgmt_plane/utils/eventstreaming.py
  - src/cribl_mgmt_plane/utils/forms.py
  - src/cribl_mgmt_plane/utils/headers.py
  - src/cribl_mgmt_plane/utils/logger.py
  - src/cribl_mgmt_plane/utils/metadata.py
  - src/cribl_mgmt_plane/utils/queryparams.py
  - src/cribl_mgmt_plane/utils/requestbodies.py
  - src/cribl_mgmt_plane/utils/retries.py
  - src/cribl_mgmt_plane/utils/security.py
  - src/cribl_mgmt_plane/utils/serializers.py
  - src/cribl_mgmt_plane/utils/unmarshal_json_response.py
  - src/cribl_mgmt_plane/utils/url.py
  - src/cribl_mgmt_plane/utils/values.py
  - src/cribl_mgmt_plane/workspaces.py
