lockVersion: 2.0.0
id: 897b2045-55e2-49ca-a37b-2daf10d4e6ea
management:
  docChecksum: 1f2337c40f02b577023b35ead2f3017e
  docVersion: 0.0.1
  speakeasyVersion: 1.596.1
  generationVersion: 2.672.0
  releaseVersion: 0.0.5
  configChecksum: b4c8acfc46cc5af565218a2c8df110bc
  repoURL: https://github.com/criblio/cribl_cloud_management_sdk_python.git
  installationURL: https://github.com/criblio/cribl_cloud_management_sdk_python.git
  published: true
features:
  python:
    additionalDependencies: 1.0.0
    core: 5.19.6
    defaultEnabledRetries: 0.2.0
    devContainers: 3.0.0
    envVarSecurityUsage: 0.3.2
    globalSecurity: 3.0.3
    globalSecurityCallbacks: 1.0.0
    globalSecurityFlattening: 1.0.0
    globalServerURLs: 3.1.1
    methodArguments: 1.0.2
    responseFormat: 1.0.1
    retries: 3.0.2
    sdkHooks: 1.1.0
generatedFiles:
  - .devcontainer/README.md
  - .devcontainer/devcontainer.json
  - .devcontainer/setup.sh
  - .gitattributes
  - .vscode/settings.json
  - USAGE.md
  - docs/models/security.md
  - docs/models/utils/retryconfig.md
  - docs/sdks/criblmgmtplane/README.md
  - poetry.toml
  - py.typed
  - pylintrc
  - pyproject.toml
  - scripts/prepare_readme.py
  - scripts/publish.sh
  - src/cribl_mgmt_plane/__init__.py
  - src/cribl_mgmt_plane/_hooks/__init__.py
  - src/cribl_mgmt_plane/_hooks/sdkhooks.py
  - src/cribl_mgmt_plane/_hooks/types.py
  - src/cribl_mgmt_plane/_version.py
  - src/cribl_mgmt_plane/basesdk.py
  - src/cribl_mgmt_plane/errors/__init__.py
  - src/cribl_mgmt_plane/errors/apierror.py
  - src/cribl_mgmt_plane/errors/criblmgmtplaneerror.py
  - src/cribl_mgmt_plane/errors/no_response_error.py
  - src/cribl_mgmt_plane/errors/responsevalidationerror.py
  - src/cribl_mgmt_plane/httpclient.py
  - src/cribl_mgmt_plane/models/__init__.py
  - src/cribl_mgmt_plane/models/security.py
  - src/cribl_mgmt_plane/py.typed
  - src/cribl_mgmt_plane/sdk.py
  - src/cribl_mgmt_plane/sdkconfiguration.py
  - src/cribl_mgmt_plane/types/__init__.py
  - src/cribl_mgmt_plane/types/basemodel.py
  - src/cribl_mgmt_plane/utils/__init__.py
  - src/cribl_mgmt_plane/utils/annotations.py
  - src/cribl_mgmt_plane/utils/datetimes.py
  - src/cribl_mgmt_plane/utils/enums.py
  - src/cribl_mgmt_plane/utils/eventstreaming.py
  - src/cribl_mgmt_plane/utils/forms.py
  - src/cribl_mgmt_plane/utils/headers.py
  - src/cribl_mgmt_plane/utils/logger.py
  - src/cribl_mgmt_plane/utils/metadata.py
  - src/cribl_mgmt_plane/utils/queryparams.py
  - src/cribl_mgmt_plane/utils/requestbodies.py
  - src/cribl_mgmt_plane/utils/retries.py
  - src/cribl_mgmt_plane/utils/security.py
  - src/cribl_mgmt_plane/utils/serializers.py
  - src/cribl_mgmt_plane/utils/unmarshal_json_response.py
  - src/cribl_mgmt_plane/utils/url.py
  - src/cribl_mgmt_plane/utils/values.py
examples:
  dummyServiceStatus: {}
examplesVersion: 1.0.2
generatedTests:
  dummyServiceStatus: "2025-07-02T19:49:08+02:00"
