lockVersion: 2.0.0
id: 897b2045-55e2-49ca-a37b-2daf10d4e6ea
management:
  docChecksum: 5931799d36141c722b6ae4e871d2fcbc
  docVersion: 0.0.1
  speakeasyVersion: 1.575.0
  generationVersion: 2.647.2
  releaseVersion: 0.0.1
  configChecksum: 68d01ea66d71d44be686fab0ce444c3b
features:
  python:
    additionalDependencies: 1.0.0
    core: 5.19.3
    defaultEnabledRetries: 0.2.0
    devContainers: 3.0.0
    envVarSecurityUsage: 0.3.2
    globalSecurity: 3.0.3
    globalSecurityCallbacks: 1.0.0
    globalSecurityFlattening: 1.0.0
    globalServerURLs: 3.1.1
    methodArguments: 1.0.2
    mockServer: 0.1.1
    responseFormat: 1.0.1
    retries: 3.0.2
    sdkHooks: 1.1.0
    tests: 1.19.0
generatedFiles:
  - .devcontainer/README.md
  - .devcontainer/devcontainer.json
  - .devcontainer/setup.sh
  - .gitattributes
  - .python-version
  - .vscode/settings.json
  - USAGE.md
  - docs/models/security.md
  - docs/models/utils/retryconfig.md
  - docs/sdks/criblmgmtplane/README.md
  - poetry.toml
  - py.typed
  - pylintrc
  - pyproject.toml
  - scripts/publish.sh
  - src/cribl_mgmt_plane/__init__.py
  - src/cribl_mgmt_plane/_hooks/__init__.py
  - src/cribl_mgmt_plane/_hooks/sdkhooks.py
  - src/cribl_mgmt_plane/_hooks/types.py
  - src/cribl_mgmt_plane/_version.py
  - src/cribl_mgmt_plane/basesdk.py
  - src/cribl_mgmt_plane/errors/__init__.py
  - src/cribl_mgmt_plane/errors/apierror.py
  - src/cribl_mgmt_plane/errors/criblmgmtplaneerror.py
  - src/cribl_mgmt_plane/errors/no_response_error.py
  - src/cribl_mgmt_plane/errors/responsevalidationerror.py
  - src/cribl_mgmt_plane/httpclient.py
  - src/cribl_mgmt_plane/models/__init__.py
  - src/cribl_mgmt_plane/models/security.py
  - src/cribl_mgmt_plane/py.typed
  - src/cribl_mgmt_plane/sdk.py
  - src/cribl_mgmt_plane/sdkconfiguration.py
  - src/cribl_mgmt_plane/types/__init__.py
  - src/cribl_mgmt_plane/types/basemodel.py
  - src/cribl_mgmt_plane/utils/__init__.py
  - src/cribl_mgmt_plane/utils/annotations.py
  - src/cribl_mgmt_plane/utils/datetimes.py
  - src/cribl_mgmt_plane/utils/enums.py
  - src/cribl_mgmt_plane/utils/eventstreaming.py
  - src/cribl_mgmt_plane/utils/forms.py
  - src/cribl_mgmt_plane/utils/headers.py
  - src/cribl_mgmt_plane/utils/logger.py
  - src/cribl_mgmt_plane/utils/metadata.py
  - src/cribl_mgmt_plane/utils/queryparams.py
  - src/cribl_mgmt_plane/utils/requestbodies.py
  - src/cribl_mgmt_plane/utils/retries.py
  - src/cribl_mgmt_plane/utils/security.py
  - src/cribl_mgmt_plane/utils/serializers.py
  - src/cribl_mgmt_plane/utils/url.py
  - src/cribl_mgmt_plane/utils/values.py
  - tests/__init__.py
  - tests/mockserver/.gitignore
  - tests/mockserver/Dockerfile
  - tests/mockserver/Makefile
  - tests/mockserver/README.md
  - tests/mockserver/go.mod
  - tests/mockserver/go.sum
  - tests/mockserver/internal/handler/assert/contenttype.go
  - tests/mockserver/internal/handler/assert/header.go
  - tests/mockserver/internal/handler/assert/parameter.go
  - tests/mockserver/internal/handler/assert/pointer.go
  - tests/mockserver/internal/handler/assert/security.go
  - tests/mockserver/internal/handler/doc.go
  - tests/mockserver/internal/handler/generated_handler.go
  - tests/mockserver/internal/handler/generated_handlers.go
  - tests/mockserver/internal/handler/pathgetstatus.go
  - tests/mockserver/internal/handler/values/files.go
  - tests/mockserver/internal/logging/doc.go
  - tests/mockserver/internal/logging/formats.go
  - tests/mockserver/internal/logging/http_file.go
  - tests/mockserver/internal/logging/http_logger.go
  - tests/mockserver/internal/logging/levels.go
  - tests/mockserver/internal/logging/logger.go
  - tests/mockserver/internal/logging/oas_operation.go
  - tests/mockserver/internal/logging/oas_operation_call.go
  - tests/mockserver/internal/sdk/models/components/httpmetadata.go
  - tests/mockserver/internal/sdk/models/components/security.go
  - tests/mockserver/internal/sdk/models/operations/dummyservicestatus.go
  - tests/mockserver/internal/sdk/types/bigint.go
  - tests/mockserver/internal/sdk/types/date.go
  - tests/mockserver/internal/sdk/types/datetime.go
  - tests/mockserver/internal/sdk/types/decimal.go
  - tests/mockserver/internal/sdk/types/jsonl/jsonl.go
  - tests/mockserver/internal/sdk/types/pointers.go
  - tests/mockserver/internal/sdk/utils/json.go
  - tests/mockserver/internal/sdk/utils/reflect.go
  - tests/mockserver/internal/sdk/utils/sort.go
  - tests/mockserver/internal/server/doc.go
  - tests/mockserver/internal/server/generated_handlers.go
  - tests/mockserver/internal/server/internal_handlers.go
  - tests/mockserver/internal/server/server.go
  - tests/mockserver/internal/server/server_option.go
  - tests/mockserver/internal/server/templates/log/index.html.tmpl
  - tests/mockserver/internal/server/templates/log/operation.html.tmpl
  - tests/mockserver/internal/server/templates/log/style.css.tmpl
  - tests/mockserver/internal/tracking/requesttracker.go
  - tests/mockserver/main.go
  - tests/test_client.py
  - tests/test_criblmgmtplane.py
examples:
  dummyServiceStatus: {}
examplesVersion: 1.0.2
generatedTests:
  dummyServiceStatus: "2025-07-02T19:49:08+02:00"
