speakeasyVersion: 1.795.1
sources:
    Cribl Cloud Management API:
        sourceNamespace: cribl-cloud-management-api
        sourceRevisionDigest: sha256:1e496119cfb6fd8feeed8b64ce15177ae8772a9c4213053360c14006c9036065
        sourceBlobDigest: sha256:bbf50aaf0fe45ebcd3c253ba57d1b0f7a9403b842936768e6b290614928d65c1
        tags:
            - latest
            - "1.0"
targets:
    cribl-mgmt-plane:
        source: Cribl Cloud Management API
        sourceNamespace: cribl-cloud-management-api
        sourceRevisionDigest: sha256:1e496119cfb6fd8feeed8b64ce15177ae8772a9c4213053360c14006c9036065
        sourceBlobDigest: sha256:bbf50aaf0fe45ebcd3c253ba57d1b0f7a9403b842936768e6b290614928d65c1
        codeSamplesNamespace: cribl-cloud-management-api-python-code-samples
        codeSamplesRevisionDigest: sha256:9e3b25570d60adde843b7b373e17f4d63cd26f572722d02c919f4c6100ae33f1
workflow:
    workflowVersion: 1.0.0
    speakeasyVersion: 1.795.1
    sources:
        Cribl Cloud Management API:
            inputs:
                - location: https://raw.githubusercontent.com/criblio/cribl-openapi-spec/main/specs/mgmt-plane.yml
            output: .speakeasy/out.openapi.yaml
            registry:
                location: registry.speakeasyapi.dev/cribl/cribl/cribl-cloud-management-api
    targets:
        cribl-mgmt-plane:
            target: python
            source: Cribl Cloud Management API
            publish:
                pypi:
                    token: $pypi_token
            codeSamples:
                registry:
                    location: registry.speakeasyapi.dev/cribl/cribl/cribl-cloud-management-api-python-code-samples
                labelOverride:
                    fixedValue: Python (SDK)
                blocking: false
            testing:
                enabled: false
