speakeasyVersion: 1.761.9
sources:
    Cribl Cloud Management API:
        sourceNamespace: cribl-cloud-management-api
        sourceRevisionDigest: sha256:c77143c6cb9382b2267881145e8d9d5fb9cbf56d913cefe254f03dbc74c7268b
        sourceBlobDigest: sha256:32512a0b7eb4acffcb144a9e07fd8a594085173d114e19a807308a643222a105
        tags:
            - latest
            - "1.0"
targets:
    cribl-mgmt-plane:
        source: Cribl Cloud Management API
        sourceNamespace: cribl-cloud-management-api
        sourceRevisionDigest: sha256:c77143c6cb9382b2267881145e8d9d5fb9cbf56d913cefe254f03dbc74c7268b
        sourceBlobDigest: sha256:32512a0b7eb4acffcb144a9e07fd8a594085173d114e19a807308a643222a105
        codeSamplesNamespace: cribl-cloud-management-api-python-code-samples
        codeSamplesRevisionDigest: sha256:6b0292034845909d3f5d909538c14250410c28d4972c282ddc9e1b869a75fe24
workflow:
    workflowVersion: 1.0.0
    speakeasyVersion: 1.761.9
    sources:
        Cribl Cloud Management API:
            inputs:
                - location: https://raw.githubusercontent.com/criblio/cribl-openapi-spec/main/specs/mgmt-plane.yml
            output: .speakeasy/out.openapi.yaml
            registry:
                location: registry.speakeasyapi.dev/cribl/cribl/cribl-cloud-management-api
    targets:
        cribl-mgmt-plane:
            target: python
            source: Cribl Cloud Management API
            publish:
                pypi:
                    token: $pypi_token
            codeSamples:
                registry:
                    location: registry.speakeasyapi.dev/cribl/cribl/cribl-cloud-management-api-python-code-samples
                labelOverride:
                    fixedValue: Python (SDK)
                blocking: false
            testing:
                enabled: false
