speakeasyVersion: 1.596.1
sources:
    Cribl Cloud Management API:
        sourceNamespace: cribl-cloud-management-api
        sourceRevisionDigest: sha256:5388d302b18f3060b7cdaf17298a1085e2845543a5ff81bee6d0ed91b3d31a0c
        sourceBlobDigest: sha256:0ad34c38e7f14611e4cbb19c56d3c19d030f6d2d67f6a08ac24629111817a011
        tags:
            - latest
            - speakeasy-sdk-regen-1755083639
            - "1.0"
targets:
    cribl-mgmt-plane:
        source: Cribl Cloud Management API
        sourceNamespace: cribl-cloud-management-api
        sourceRevisionDigest: sha256:5388d302b18f3060b7cdaf17298a1085e2845543a5ff81bee6d0ed91b3d31a0c
        sourceBlobDigest: sha256:0ad34c38e7f14611e4cbb19c56d3c19d030f6d2d67f6a08ac24629111817a011
        codeSamplesNamespace: cribl-cloud-management-api-python-code-samples
        codeSamplesRevisionDigest: sha256:e51ce47d2bfc24e0084f193fea0a4b39c70f9c91584159b6848db9077ea46f16
workflow:
    workflowVersion: 1.0.0
    speakeasyVersion: 1.596.1
    sources:
        Cribl Cloud Management API:
            inputs:
                - location: https://raw.githubusercontent.com/criblio/cribl-openapi-spec/main/specs/mgmt-plane.yml
            output: .speakeasy/out.openapi.yaml
            registry:
                location: registry.speakeasyapi.dev/cribl/cribl/cribl-cloud-management-api
    targets:
        cribl-mgmt-plane:
            target: python
            source: Cribl Cloud Management API
            publish:
                pypi:
                    token: $pypi_token
            codeSamples:
                registry:
                    location: registry.speakeasyapi.dev/cribl/cribl/cribl-cloud-management-api-python-code-samples
                labelOverride:
                    fixedValue: Python (SDK)
                blocking: false
            testing:
                enabled: false
